
Microsoft Visual Studio Solution File, Format Version 12.00
# Visual Studio Version 17
VisualStudioVersion = 17.9.34723.18
MinimumVisualStudioVersion = 10.0.40219.1
Project("{FAE04EC0-301F-11D3-BF4B-00C04F79EFBC}") = "InMemoryCache", "InMemoryCache\InMemoryCache.csproj", "{0EB5D251-E7EB-45FD-A6DC-C172CB05BCFE}"
EndProject
Global
	GlobalSection(SolutionConfigurationPlatforms) = preSolution
		Debug|Any CPU = Debug|Any CPU
		Release|Any CPU = Release|Any CPU
	EndGlobalSection
	GlobalSection(ProjectConfigurationPlatforms) = postSolution
		{0EB5D251-E7EB-45FD-A6DC-C172CB05BCFE}.Debug|Any CPU.ActiveCfg = Debug|Any CPU
		{0EB5D251-E7EB-45FD-A6DC-C172CB05BCFE}.Debug|Any CPU.Build.0 = Debug|Any CPU
		{0EB5D251-E7EB-45FD-A6DC-C172CB05BCFE}.Release|Any CPU.ActiveCfg = Release|Any CPU
		{0EB5D251-E7EB-45FD-A6DC-C172CB05BCFE}.Release|Any CPU.Build.0 = Release|Any CPU
	EndGlobalSection
	GlobalSection(SolutionProperties) = preSolution
		HideSolutionNode = FALSE
	EndGlobalSection
	GlobalSection(ExtensibilityGlobals) = postSolution
		SolutionGuid = {68806CB4-179C-4545-BEB3-B28D85BF04B1}
	EndGlobalSection
EndGlobal
